
Microsoft Visual Studio Solution File, Format Version 12.00
# Visual Studio Version 17
VisualStudioVersion = 17.0.31903.59
MinimumVisualStudioVersion = 10.0.40219.1
Project("{2150E333-8FDC-42A3-9474-1A3956D46DE8}") = "src", "src", "{827E0CD3-B72D-47B6-A68D-7590B98EB39B}"
EndProject
Project("{2150E333-8FDC-42A3-9474-1A3956D46DE8}") = "fase-02-procedural", "fase-02-procedural", "{4034306F-ECC9-5A85-3254-18F396E4DCED}"
EndProject
Project("{FAE04EC0-301F-11D3-BF4B-00C04F79EFBC}") = "Fase02Procedural", "src\fase-02-procedural\Fase02Procedural.csproj", "{ABC2D7FC-A3BF-4F85-946D-3264C044AFB5}"
EndProject
Project("{2150E333-8FDC-42A3-9474-1A3956D46DE8}") = "fase-03-interfaces", "fase-03-interfaces", "{E2F56D31-8D30-AF55-4299-FAA3C2652BED}"
EndProject
Project("{FAE04EC0-301F-11D3-BF4B-00C04F79EFBC}") = "Fase03Interfaces", "src\fase-03-interfaces\Fase03Interfaces.csproj", "{65B6C750-D298-4E8C-BE7C-4D46A891BAD3}"
EndProject
Project("{2150E333-8FDC-42A3-9474-1A3956D46DE8}") = "fase-04-plugavel-testavel", "fase-04-plugavel-testavel", "{2957B32D-082A-F080-46BC-3928C4EC39E9}"
EndProject
Project("{FAE04EC0-301F-11D3-BF4B-00C04F79EFBC}") = "Fase04PlugavelTestavel", "src\fase-04-plugavel-testavel\Fase04PlugavelTestavel.csproj", "{B46B3B61-4716-427D-974E-22A021478E04}"
EndProject
Project("{2150E333-8FDC-42A3-9474-1A3956D46DE8}") = "fase-05-repository-inmemory", "fase-05-repository-inmemory", "{4A889F2C-4D2C-E0FD-D3CF-5D39680A5ECF}"
EndProject
Project("{FAE04EC0-301F-11D3-BF4B-00C04F79EFBC}") = "Fase05RepositoryInMemory", "src\fase-05-repository-inmemory\Fase05RepositoryInMemory.csproj", "{7115D33D-998E-4139-9E19-A120A8FC0F67}"
EndProject
Project("{2150E333-8FDC-42A3-9474-1A3956D46DE8}") = "fase-06-repository-csv", "fase-06-repository-csv", "{AD0FF9A0-E07C-226C-ECB1-90CB3E0A4F56}"
EndProject
Project("{FAE04EC0-301F-11D3-BF4B-00C04F79EFBC}") = "Fase06RepositoryCsv", "src\fase-06-repository-csv\Fase06RepositoryCsv.csproj", "{C6C7A6D3-FC99-4461-850D-D1EE2BA15A09}"
EndProject
Project("{2150E333-8FDC-42A3-9474-1A3956D46DE8}") = "fase-07-repository-json", "fase-07-repository-json", "{3FAAA680-B4AB-0994-3BBF-9396D166D497}"
EndProject
Project("{FAE04EC0-301F-11D3-BF4B-00C04F79EFBC}") = "Fase07RepositoryJson", "src\fase-07-repository-json\Fase07RepositoryJson.csproj", "{A129BA85-238E-48AF-8353-A40138292D3D}"
EndProject
Project("{2150E333-8FDC-42A3-9474-1A3956D46DE8}") = "fase-08-isp", "fase-08-isp", "{CF236ACE-FA7E-3F15-1E29-D3E89C553E6A}"
EndProject
Project("{FAE04EC0-301F-11D3-BF4B-00C04F79EFBC}") = "Fase08Isp", "src\fase-08-isp\Fase08Isp.csproj", "{40C1FDD0-E51B-43CA-BB04-F63770D7C2BF}"
EndProject
Project("{2150E333-8FDC-42A3-9474-1A3956D46DE8}") = "fase-09-dubles-avancados", "fase-09-dubles-avancados", "{FE0C2378-E49E-F009-9803-2269C02DFCCD}"
EndProject
Project("{FAE04EC0-301F-11D3-BF4B-00C04F79EFBC}") = "Fase09DublesAvancados", "src\fase-09-dubles-avancados\Fase09DublesAvancados.csproj", "{5400783A-27FE-4F9D-B4E9-785DC05085A4}"
EndProject
Project("{2150E333-8FDC-42A3-9474-1A3956D46DE8}") = "fase-10-code-smells", "fase-10-code-smells", "{2F8E05E9-EF9E-6709-530B-2AC75B7BBA34}"
EndProject
Project("{FAE04EC0-301F-11D3-BF4B-00C04F79EFBC}") = "Fase10CodeSmells", "src\fase-10-code-smells\Fase10CodeSmells.csproj", "{1440D4BF-A016-40A4-BA86-93CD9CF3E9F7}"
EndProject
Project("{2150E333-8FDC-42A3-9474-1A3956D46DE8}") = "fase-11-mini-projeto", "fase-11-mini-projeto", "{86ADDDE8-0C7F-AD77-DA03-D6A950867A21}"
EndProject
Project("{FAE04EC0-301F-11D3-BF4B-00C04F79EFBC}") = "Fase11MiniProjeto", "src\fase-11-mini-projeto\Fase11MiniProjeto.csproj", "{62D60910-E895-4EF2-9964-2B468627259C}"
EndProject
Project("{2150E333-8FDC-42A3-9474-1A3956D46DE8}") = "tests", "tests", "{0AB3BF05-4346-4AA6-1389-037BE0695223}"
EndProject
Project("{FAE04EC0-301F-11D3-BF4B-00C04F79EFBC}") = "Fase04PlugavelTestavel.Tests", "tests\Fase04PlugavelTestavel.Tests\Fase04PlugavelTestavel.Tests.csproj", "{04D3A2E0-FA58-42C0-B67A-5BF4D1ACC498}"
EndProject
Project("{FAE04EC0-301F-11D3-BF4B-00C04F79EFBC}") = "Fase06RepositoryCsv.Tests", "tests\Fase06RepositoryCsv.Tests\Fase06RepositoryCsv.Tests.csproj", "{3E4C6622-AD28-4900-86A3-547C65E33CBD}"
EndProject
Global
	GlobalSection(SolutionConfigurationPlatforms) = preSolution
		Debug|Any CPU = Debug|Any CPU
		Debug|x64 = Debug|x64
		Debug|x86 = Debug|x86
		Release|Any CPU = Release|Any CPU
		Release|x64 = Release|x64
		Release|x86 = Release|x86
	EndGlobalSection
	GlobalSection(ProjectConfigurationPlatforms) = postSolution
		{ABC2D7FC-A3BF-4F85-946D-3264C044AFB5}.Debug|Any CPU.ActiveCfg = Debug|Any CPU
		{ABC2D7FC-A3BF-4F85-946D-3264C044AFB5}.Debug|Any CPU.Build.0 = Debug|Any CPU
		{ABC2D7FC-A3BF-4F85-946D-3264C044AFB5}.Debug|x64.ActiveCfg = Debug|Any CPU
		{ABC2D7FC-A3BF-4F85-946D-3264C044AFB5}.Debug|x64.Build.0 = Debug|Any CPU
		{ABC2D7FC-A3BF-4F85-946D-3264C044AFB5}.Debug|x86.ActiveCfg = Debug|Any CPU
		{ABC2D7FC-A3BF-4F85-946D-3264C044AFB5}.Debug|x86.Build.0 = Debug|Any CPU
		{ABC2D7FC-A3BF-4F85-946D-3264C044AFB5}.Release|Any CPU.ActiveCfg = Release|Any CPU
		{ABC2D7FC-A3BF-4F85-946D-3264C044AFB5}.Release|Any CPU.Build.0 = Release|Any CPU
		{ABC2D7FC-A3BF-4F85-946D-3264C044AFB5}.Release|x64.ActiveCfg = Release|Any CPU
		{ABC2D7FC-A3BF-4F85-946D-3264C044AFB5}.Release|x64.Build.0 = Release|Any CPU
		{ABC2D7FC-A3BF-4F85-946D-3264C044AFB5}.Release|x86.ActiveCfg = Release|Any CPU
		{ABC2D7FC-A3BF-4F85-946D-3264C044AFB5}.Release|x86.Build.0 = Release|Any CPU
		{65B6C750-D298-4E8C-BE7C-4D46A891BAD3}.Debug|Any CPU.ActiveCfg = Debug|Any CPU
		{65B6C750-D298-4E8C-BE7C-4D46A891BAD3}.Debug|Any CPU.Build.0 = Debug|Any CPU
		{65B6C750-D298-4E8C-BE7C-4D46A891BAD3}.Debug|x64.ActiveCfg = Debug|Any CPU
		{65B6C750-D298-4E8C-BE7C-4D46A891BAD3}.Debug|x64.Build.0 = Debug|Any CPU
		{65B6C750-D298-4E8C-BE7C-4D46A891BAD3}.Debug|x86.ActiveCfg = Debug|Any CPU
		{65B6C750-D298-4E8C-BE7C-4D46A891BAD3}.Debug|x86.Build.0 = Debug|Any CPU
		{65B6C750-D298-4E8C-BE7C-4D46A891BAD3}.Release|Any CPU.ActiveCfg = Release|Any CPU
		{65B6C750-D298-4E8C-BE7C-4D46A891BAD3}.Release|Any CPU.Build.0 = Release|Any CPU
		{65B6C750-D298-4E8C-BE7C-4D46A891BAD3}.Release|x64.ActiveCfg = Release|Any CPU
		{65B6C750-D298-4E8C-BE7C-4D46A891BAD3}.Release|x64.Build.0 = Release|Any CPU
		{65B6C750-D298-4E8C-BE7C-4D46A891BAD3}.Release|x86.ActiveCfg = Release|Any CPU
		{65B6C750-D298-4E8C-BE7C-4D46A891BAD3}.Release|x86.Build.0 = Release|Any CPU
		{B46B3B61-4716-427D-974E-22A021478E04}.Debug|Any CPU.ActiveCfg = Debug|Any CPU
		{B46B3B61-4716-427D-974E-22A021478E04}.Debug|Any CPU.Build.0 = Debug|Any CPU
		{B46B3B61-4716-427D-974E-22A021478E04}.Debug|x64.ActiveCfg = Debug|Any CPU
		{B46B3B61-4716-427D-974E-22A021478E04}.Debug|x64.Build.0 = Debug|Any CPU
		{B46B3B61-4716-427D-974E-22A021478E04}.Debug|x86.ActiveCfg = Debug|Any CPU
		{B46B3B61-4716-427D-974E-22A021478E04}.Debug|x86.Build.0 = Debug|Any CPU
		{B46B3B61-4716-427D-974E-22A021478E04}.Release|Any CPU.ActiveCfg = Release|Any CPU
		{B46B3B61-4716-427D-974E-22A021478E04}.Release|Any CPU.Build.0 = Release|Any CPU
		{B46B3B61-4716-427D-974E-22A021478E04}.Release|x64.ActiveCfg = Release|Any CPU
		{B46B3B61-4716-427D-974E-22A021478E04}.Release|x64.Build.0 = Release|Any CPU
		{B46B3B61-4716-427D-974E-22A021478E04}.Release|x86.ActiveCfg = Release|Any CPU
		{B46B3B61-4716-427D-974E-22A021478E04}.Release|x86.Build.0 = Release|Any CPU
		{7115D33D-998E-4139-9E19-A120A8FC0F67}.Debug|Any CPU.ActiveCfg = Debug|Any CPU
		{7115D33D-998E-4139-9E19-A120A8FC0F67}.Debug|Any CPU.Build.0 = Debug|Any CPU
		{7115D33D-998E-4139-9E19-A120A8FC0F67}.Debug|x64.ActiveCfg = Debug|Any CPU
		{7115D33D-998E-4139-9E19-A120A8FC0F67}.Debug|x64.Build.0 = Debug|Any CPU
		{7115D33D-998E-4139-9E19-A120A8FC0F67}.Debug|x86.ActiveCfg = Debug|Any CPU
		{7115D33D-998E-4139-9E19-A120A8FC0F67}.Debug|x86.Build.0 = Debug|Any CPU
		{7115D33D-998E-4139-9E19-A120A8FC0F67}.Release|Any CPU.ActiveCfg = Release|Any CPU
		{7115D33D-998E-4139-9E19-A120A8FC0F67}.Release|Any CPU.Build.0 = Release|Any CPU
		{7115D33D-998E-4139-9E19-A120A8FC0F67}.Release|x64.ActiveCfg = Release|Any CPU
		{7115D33D-998E-4139-9E19-A120A8FC0F67}.Release|x64.Build.0 = Release|Any CPU
		{7115D33D-998E-4139-9E19-A120A8FC0F67}.Release|x86.ActiveCfg = Release|Any CPU
		{7115D33D-998E-4139-9E19-A120A8FC0F67}.Release|x86.Build.0 = Release|Any CPU
		{C6C7A6D3-FC99-4461-850D-D1EE2BA15A09}.Debug|Any CPU.ActiveCfg = Debug|Any CPU
		{C6C7A6D3-FC99-4461-850D-D1EE2BA15A09}.Debug|Any CPU.Build.0 = Debug|Any CPU
		{C6C7A6D3-FC99-4461-850D-D1EE2BA15A09}.Debug|x64.ActiveCfg = Debug|Any CPU
		{C6C7A6D3-FC99-4461-850D-D1EE2BA15A09}.Debug|x64.Build.0 = Debug|Any CPU
		{C6C7A6D3-FC99-4461-850D-D1EE2BA15A09}.Debug|x86.ActiveCfg = Debug|Any CPU
		{C6C7A6D3-FC99-4461-850D-D1EE2BA15A09}.Debug|x86.Build.0 = Debug|Any CPU
		{C6C7A6D3-FC99-4461-850D-D1EE2BA15A09}.Release|Any CPU.ActiveCfg = Release|Any CPU
		{C6C7A6D3-FC99-4461-850D-D1EE2BA15A09}.Release|Any CPU.Build.0 = Release|Any CPU
		{C6C7A6D3-FC99-4461-850D-D1EE2BA15A09}.Release|x64.ActiveCfg = Release|Any CPU
		{C6C7A6D3-FC99-4461-850D-D1EE2BA15A09}.Release|x64.Build.0 = Release|Any CPU
		{C6C7A6D3-FC99-4461-850D-D1EE2BA15A09}.Release|x86.ActiveCfg = Release|Any CPU
		{C6C7A6D3-FC99-4461-850D-D1EE2BA15A09}.Release|x86.Build.0 = Release|Any CPU
		{A129BA85-238E-48AF-8353-A40138292D3D}.Debug|Any CPU.ActiveCfg = Debug|Any CPU
		{A129BA85-238E-48AF-8353-A40138292D3D}.Debug|Any CPU.Build.0 = Debug|Any CPU
		{A129BA85-238E-48AF-8353-A40138292D3D}.Debug|x64.ActiveCfg = Debug|Any CPU
		{A129BA85-238E-48AF-8353-A40138292D3D}.Debug|x64.Build.0 = Debug|Any CPU
		{A129BA85-238E-48AF-8353-A40138292D3D}.Debug|x86.ActiveCfg = Debug|Any CPU
		{A129BA85-238E-48AF-8353-A40138292D3D}.Debug|x86.Build.0 = Debug|Any CPU
		{A129BA85-238E-48AF-8353-A40138292D3D}.Release|Any CPU.ActiveCfg = Release|Any CPU
		{A129BA85-238E-48AF-8353-A40138292D3D}.Release|Any CPU.Build.0 = Release|Any CPU
		{A129BA85-238E-48AF-8353-A40138292D3D}.Release|x64.ActiveCfg = Release|Any CPU
		{A129BA85-238E-48AF-8353-A40138292D3D}.Release|x64.Build.0 = Release|Any CPU
		{A129BA85-238E-48AF-8353-A40138292D3D}.Release|x86.ActiveCfg = Release|Any CPU
		{A129BA85-238E-48AF-8353-A40138292D3D}.Release|x86.Build.0 = Release|Any CPU
		{40C1FDD0-E51B-43CA-BB04-F63770D7C2BF}.Debug|Any CPU.ActiveCfg = Debug|Any CPU
		{40C1FDD0-E51B-43CA-BB04-F63770D7C2BF}.Debug|Any CPU.Build.0 = Debug|Any CPU
		{40C1FDD0-E51B-43CA-BB04-F63770D7C2BF}.Debug|x64.ActiveCfg = Debug|Any CPU
		{40C1FDD0-E51B-43CA-BB04-F63770D7C2BF}.Debug|x64.Build.0 = Debug|Any CPU
		{40C1FDD0-E51B-43CA-BB04-F63770D7C2BF}.Debug|x86.ActiveCfg = Debug|Any CPU
		{40C1FDD0-E51B-43CA-BB04-F63770D7C2BF}.Debug|x86.Build.0 = Debug|Any CPU
		{40C1FDD0-E51B-43CA-BB04-F63770D7C2BF}.Release|Any CPU.ActiveCfg = Release|Any CPU
		{40C1FDD0-E51B-43CA-BB04-F63770D7C2BF}.Release|Any CPU.Build.0 = Release|Any CPU
		{40C1FDD0-E51B-43CA-BB04-F63770D7C2BF}.Release|x64.ActiveCfg = Release|Any CPU
		{40C1FDD0-E51B-43CA-BB04-F63770D7C2BF}.Release|x64.Build.0 = Release|Any CPU
		{40C1FDD0-E51B-43CA-BB04-F63770D7C2BF}.Release|x86.ActiveCfg = Release|Any CPU
		{40C1FDD0-E51B-43CA-BB04-F63770D7C2BF}.Release|x86.Build.0 = Release|Any CPU
		{5400783A-27FE-4F9D-B4E9-785DC05085A4}.Debug|Any CPU.ActiveCfg = Debug|Any CPU
		{5400783A-27FE-4F9D-B4E9-785DC05085A4}.Debug|Any CPU.Build.0 = Debug|Any CPU
		{5400783A-27FE-4F9D-B4E9-785DC05085A4}.Debug|x64.ActiveCfg = Debug|Any CPU
		{5400783A-27FE-4F9D-B4E9-785DC05085A4}.Debug|x64.Build.0 = Debug|Any CPU
		{5400783A-27FE-4F9D-B4E9-785DC05085A4}.Debug|x86.ActiveCfg = Debug|Any CPU
		{5400783A-27FE-4F9D-B4E9-785DC05085A4}.Debug|x86.Build.0 = Debug|Any CPU
		{5400783A-27FE-4F9D-B4E9-785DC05085A4}.Release|Any CPU.ActiveCfg = Release|Any CPU
		{5400783A-27FE-4F9D-B4E9-785DC05085A4}.Release|Any CPU.Build.0 = Release|Any CPU
		{5400783A-27FE-4F9D-B4E9-785DC05085A4}.Release|x64.ActiveCfg = Release|Any CPU
		{5400783A-27FE-4F9D-B4E9-785DC05085A4}.Release|x64.Build.0 = Release|Any CPU
		{5400783A-27FE-4F9D-B4E9-785DC05085A4}.Release|x86.ActiveCfg = Release|Any CPU
		{5400783A-27FE-4F9D-B4E9-785DC05085A4}.Release|x86.Build.0 = Release|Any CPU
		{1440D4BF-A016-40A4-BA86-93CD9CF3E9F7}.Debug|Any CPU.ActiveCfg = Debug|Any CPU
		{1440D4BF-A016-40A4-BA86-93CD9CF3E9F7}.Debug|Any CPU.Build.0 = Debug|Any CPU
		{1440D4BF-A016-40A4-BA86-93CD9CF3E9F7}.Debug|x64.ActiveCfg = Debug|Any CPU
		{1440D4BF-A016-40A4-BA86-93CD9CF3E9F7}.Debug|x64.Build.0 = Debug|Any CPU
		{1440D4BF-A016-40A4-BA86-93CD9CF3E9F7}.Debug|x86.ActiveCfg = Debug|Any CPU
		{1440D4BF-A016-40A4-BA86-93CD9CF3E9F7}.Debug|x86.Build.0 = Debug|Any CPU
		{1440D4BF-A016-40A4-BA86-93CD9CF3E9F7}.Release|Any CPU.ActiveCfg = Release|Any CPU
		{1440D4BF-A016-40A4-BA86-93CD9CF3E9F7}.Release|Any CPU.Build.0 = Release|Any CPU
		{1440D4BF-A016-40A4-BA86-93CD9CF3E9F7}.Release|x64.ActiveCfg = Release|Any CPU
		{1440D4BF-A016-40A4-BA86-93CD9CF3E9F7}.Release|x64.Build.0 = Release|Any CPU
		{1440D4BF-A016-40A4-BA86-93CD9CF3E9F7}.Release|x86.ActiveCfg = Release|Any CPU
		{1440D4BF-A016-40A4-BA86-93CD9CF3E9F7}.Release|x86.Build.0 = Release|Any CPU
		{62D60910-E895-4EF2-9964-2B468627259C}.Debug|Any CPU.ActiveCfg = Debug|Any CPU
		{62D60910-E895-4EF2-9964-2B468627259C}.Debug|Any CPU.Build.0 = Debug|Any CPU
		{62D60910-E895-4EF2-9964-2B468627259C}.Debug|x64.ActiveCfg = Debug|Any CPU
		{62D60910-E895-4EF2-9964-2B468627259C}.Debug|x64.Build.0 = Debug|Any CPU
		{62D60910-E895-4EF2-9964-2B468627259C}.Debug|x86.ActiveCfg = Debug|Any CPU
		{62D60910-E895-4EF2-9964-2B468627259C}.Debug|x86.Build.0 = Debug|Any CPU
		{62D60910-E895-4EF2-9964-2B468627259C}.Release|Any CPU.ActiveCfg = Release|Any CPU
		{62D60910-E895-4EF2-9964-2B468627259C}.Release|Any CPU.Build.0 = Release|Any CPU
		{62D60910-E895-4EF2-9964-2B468627259C}.Release|x64.ActiveCfg = Release|Any CPU
		{62D60910-E895-4EF2-9964-2B468627259C}.Release|x64.Build.0 = Release|Any CPU
		{62D60910-E895-4EF2-9964-2B468627259C}.Release|x86.ActiveCfg = Release|Any CPU
		{62D60910-E895-4EF2-9964-2B468627259C}.Release|x86.Build.0 = Release|Any CPU
		{04D3A2E0-FA58-42C0-B67A-5BF4D1ACC498}.Debug|Any CPU.ActiveCfg = Debug|Any CPU
		{04D3A2E0-FA58-42C0-B67A-5BF4D1ACC498}.Debug|Any CPU.Build.0 = Debug|Any CPU
		{04D3A2E0-FA58-42C0-B67A-5BF4D1ACC498}.Debug|x64.ActiveCfg = Debug|Any CPU
		{04D3A2E0-FA58-42C0-B67A-5BF4D1ACC498}.Debug|x64.Build.0 = Debug|Any CPU
		{04D3A2E0-FA58-42C0-B67A-5BF4D1ACC498}.Debug|x86.ActiveCfg = Debug|Any CPU
		{04D3A2E0-FA58-42C0-B67A-5BF4D1ACC498}.Debug|x86.Build.0 = Debug|Any CPU
		{04D3A2E0-FA58-42C0-B67A-5BF4D1ACC498}.Release|Any CPU.ActiveCfg = Release|Any CPU
		{04D3A2E0-FA58-42C0-B67A-5BF4D1ACC498}.Release|Any CPU.Build.0 = Release|Any CPU
		{04D3A2E0-FA58-42C0-B67A-5BF4D1ACC498}.Release|x64.ActiveCfg = Release|Any CPU
		{04D3A2E0-FA58-42C0-B67A-5BF4D1ACC498}.Release|x64.Build.0 = Release|Any CPU
		{04D3A2E0-FA58-42C0-B67A-5BF4D1ACC498}.Release|x86.ActiveCfg = Release|Any CPU
		{04D3A2E0-FA58-42C0-B67A-5BF4D1ACC498}.Release|x86.Build.0 = Release|Any CPU
		{3E4C6622-AD28-4900-86A3-547C65E33CBD}.Debug|Any CPU.ActiveCfg = Debug|Any CPU
		{3E4C6622-AD28-4900-86A3-547C65E33CBD}.Debug|Any CPU.Build.0 = Debug|Any CPU
		{3E4C6622-AD28-4900-86A3-547C65E33CBD}.Debug|x64.ActiveCfg = Debug|Any CPU
		{3E4C6622-AD28-4900-86A3-547C65E33CBD}.Debug|x64.Build.0 = Debug|Any CPU
		{3E4C6622-AD28-4900-86A3-547C65E33CBD}.Debug|x86.ActiveCfg = Debug|Any CPU
		{3E4C6622-AD28-4900-86A3-547C65E33CBD}.Debug|x86.Build.0 = Debug|Any CPU
		{3E4C6622-AD28-4900-86A3-547C65E33CBD}.Release|Any CPU.ActiveCfg = Release|Any CPU
		{3E4C6622-AD28-4900-86A3-547C65E33CBD}.Release|Any CPU.Build.0 = Release|Any CPU
		{3E4C6622-AD28-4900-86A3-547C65E33CBD}.Release|x64.ActiveCfg = Release|Any CPU
		{3E4C6622-AD28-4900-86A3-547C65E33CBD}.Release|x64.Build.0 = Release|Any CPU
		{3E4C6622-AD28-4900-86A3-547C65E33CBD}.Release|x86.ActiveCfg = Release|Any CPU
		{3E4C6622-AD28-4900-86A3-547C65E33CBD}.Release|x86.Build.0 = Release|Any CPU
	EndGlobalSection
	GlobalSection(SolutionProperties) = preSolution
		HideSolutionNode = FALSE
	EndGlobalSection
	GlobalSection(NestedProjects) = preSolution
		{4034306F-ECC9-5A85-3254-18F396E4DCED} = {827E0CD3-B72D-47B6-A68D-7590B98EB39B}
		{ABC2D7FC-A3BF-4F85-946D-3264C044AFB5} = {4034306F-ECC9-5A85-3254-18F396E4DCED}
		{E2F56D31-8D30-AF55-4299-FAA3C2652BED} = {827E0CD3-B72D-47B6-A68D-7590B98EB39B}
		{65B6C750-D298-4E8C-BE7C-4D46A891BAD3} = {E2F56D31-8D30-AF55-4299-FAA3C2652BED}
		{2957B32D-082A-F080-46BC-3928C4EC39E9} = {827E0CD3-B72D-47B6-A68D-7590B98EB39B}
		{B46B3B61-4716-427D-974E-22A021478E04} = {2957B32D-082A-F080-46BC-3928C4EC39E9}
		{4A889F2C-4D2C-E0FD-D3CF-5D39680A5ECF} = {827E0CD3-B72D-47B6-A68D-7590B98EB39B}
		{7115D33D-998E-4139-9E19-A120A8FC0F67} = {4A889F2C-4D2C-E0FD-D3CF-5D39680A5ECF}
		{AD0FF9A0-E07C-226C-ECB1-90CB3E0A4F56} = {827E0CD3-B72D-47B6-A68D-7590B98EB39B}
		{C6C7A6D3-FC99-4461-850D-D1EE2BA15A09} = {AD0FF9A0-E07C-226C-ECB1-90CB3E0A4F56}
		{3FAAA680-B4AB-0994-3BBF-9396D166D497} = {827E0CD3-B72D-47B6-A68D-7590B98EB39B}
		{A129BA85-238E-48AF-8353-A40138292D3D} = {3FAAA680-B4AB-0994-3BBF-9396D166D497}
		{CF236ACE-FA7E-3F15-1E29-D3E89C553E6A} = {827E0CD3-B72D-47B6-A68D-7590B98EB39B}
		{40C1FDD0-E51B-43CA-BB04-F63770D7C2BF} = {CF236ACE-FA7E-3F15-1E29-D3E89C553E6A}
		{FE0C2378-E49E-F009-9803-2269C02DFCCD} = {827E0CD3-B72D-47B6-A68D-7590B98EB39B}
		{5400783A-27FE-4F9D-B4E9-785DC05085A4} = {FE0C2378-E49E-F009-9803-2269C02DFCCD}
		{2F8E05E9-EF9E-6709-530B-2AC75B7BBA34} = {827E0CD3-B72D-47B6-A68D-7590B98EB39B}
		{1440D4BF-A016-40A4-BA86-93CD9CF3E9F7} = {2F8E05E9-EF9E-6709-530B-2AC75B7BBA34}
		{86ADDDE8-0C7F-AD77-DA03-D6A950867A21} = {827E0CD3-B72D-47B6-A68D-7590B98EB39B}
		{62D60910-E895-4EF2-9964-2B468627259C} = {86ADDDE8-0C7F-AD77-DA03-D6A950867A21}
		{04D3A2E0-FA58-42C0-B67A-5BF4D1ACC498} = {0AB3BF05-4346-4AA6-1389-037BE0695223}
		{3E4C6622-AD28-4900-86A3-547C65E33CBD} = {0AB3BF05-4346-4AA6-1389-037BE0695223}
	EndGlobalSection
EndGlobal
